PODS:
  - AFNetworking (4.0.1):
    - AFNetworking/NSURLSession (= 4.0.1)
    - AFNetworking/Reachability (= 4.0.1)
    - AFNetworking/Security (= 4.0.1)
    - AFNetworking/Serialization (= 4.0.1)
    - AFNetworking/UIKit (= 4.0.1)
  - AFNetworking/NSURLSession (4.0.1):
    - AFNetworking/Reachability
    - AFNetworking/Security
    - AFNetworking/Serialization
  - AFNetworking/Reachability (4.0.1)
  - AFNetworking/Security (4.0.1)
  - AFNetworking/Serialization (4.0.1)
  - AFNetworking/UIKit (4.0.1):
    - AFNetworking/NSURLSession
  - Alamofire (4.9.1)
  - AlamofireSwiftyJSON (1.0.2):
    - Alamofire (~> 4.0)
    - SwiftyJSON (~> 4.0)
  - AppAuth (1.3.0):
    - AppAuth/Core (= 1.3.0)
    - AppAuth/ExternalUserAgent (= 1.3.0)
  - AppAuth/Core (1.3.0)
  - AppAuth/ExternalUserAgent (1.3.0)
  - Braintree (4.33.0):
    - Braintree/Card (= 4.33.0)
    - Braintree/Core (= 4.33.0)
    - Braintree/PayPal (= 4.33.0)
    - Braintree/UI (= 4.33.0)
  - Braintree/Card (4.33.0):
    - Braintree/Core
  - Braintree/Core (4.33.0)
  - Braintree/PayPal (4.33.0):
    - Braintree/Core
    - Braintree/PayPalOneTouch
  - Braintree/PayPalDataCollector (4.33.0):
    - Braintree/Core
    - Braintree/PayPalUtils
  - Braintree/PayPalOneTouch (4.33.0):
    - Braintree/Core
    - Braintree/PayPalDataCollector
    - Braintree/PayPalUtils
  - Braintree/PayPalUtils (4.33.0)
  - Braintree/UI (4.33.0):
    - Braintree/Card
    - Braintree/Core
  - Cosmos (22.1.0)
  - DropDown (2.3.13)
  - FBSDKCoreKit (6.5.2):
    - FBSDKCoreKit/Basics (= 6.5.2)
    - FBSDKCoreKit/Core (= 6.5.2)
  - FBSDKCoreKit/Basics (6.5.2)
  - FBSDKCoreKit/Core (6.5.2):
    - FBSDKCoreKit/Basics
  - FBSDKLoginKit (6.5.2):
    - FBSDKLoginKit/Login (= 6.5.2)
  - FBSDKLoginKit/Login (6.5.2):
    - FBSDKCoreKit (~> 6.5.2)
  - Firebase/Analytics (6.21.0):
    - Firebase/Core
  - Firebase/Core (6.21.0):
    - Firebase/CoreOnly
    - FirebaseAnalytics (= 6.4.0)
  - Firebase/CoreOnly (6.21.0):
    - FirebaseCore (= 6.6.5)
  - Firebase/Messaging (6.21.0):
    - Firebase/CoreOnly
    - FirebaseMessaging (~> 4.3.0)
  - FirebaseAnalytics (6.4.0):
    - FirebaseCore (~> 6.6)
    - FirebaseInstallations (~> 1.1)
    - GoogleAppMeasurement (= 6.4.0)
    - GoogleUtilities/AppDelegateSwizzler (~> 6.0)
    - GoogleUtilities/MethodSwizzler (~> 6.0)
    - GoogleUtilities/Network (~> 6.0)
    - "GoogleUtilities/NSData+zlib (~> 6.0)"
    - nanopb (= 0.3.9011)
  - FirebaseAnalyticsInterop (1.5.0)
  - FirebaseCore (6.6.5):
    - FirebaseCoreDiagnostics (~> 1.2)
    - FirebaseCoreDiagnosticsInterop (~> 1.2)
    - GoogleUtilities/Environment (~> 6.5)
    - GoogleUtilities/Logger (~> 6.5)
  - FirebaseCoreDiagnostics (1.2.2):
    - FirebaseCoreDiagnosticsInterop (~> 1.2)
    - GoogleDataTransportCCTSupport (~> 2.0)
    - GoogleUtilities/Environment (~> 6.5)
    - GoogleUtilities/Logger (~> 6.5)
    - nanopb (~> 0.3.901)
  - FirebaseCoreDiagnosticsInterop (1.2.0)
  - FirebaseInstallations (1.1.1):
    - FirebaseCore (~> 6.6)
    - GoogleUtilities/UserDefaults (~> 6.5)
    - PromisesObjC (~> 1.2)
  - FirebaseInstanceID (4.3.2):
    - FirebaseCore (~> 6.6)
    - FirebaseInstallations (~> 1.0)
    - GoogleUtilities/Environment (~> 6.5)
    - GoogleUtilities/UserDefaults (~> 6.5)
  - FirebaseMessaging (4.3.1):
    - FirebaseAnalyticsInterop (~> 1.5)
    - FirebaseCore (~> 6.6)
    - FirebaseInstanceID (~> 4.3)
    - GoogleUtilities/AppDelegateSwizzler (~> 6.5)
    - GoogleUtilities/Environment (~> 6.5)
    - GoogleUtilities/Reachability (~> 6.5)
    - GoogleUtilities/UserDefaults (~> 6.5)
    - Protobuf (>= 3.9.2, ~> 3.9)
  - GoogleAppMeasurement (6.4.0):
    - GoogleUtilities/AppDelegateSwizzler (~> 6.0)
    - GoogleUtilities/MethodSwizzler (~> 6.0)
    - GoogleUtilities/Network (~> 6.0)
    - "GoogleUtilities/NSData+zlib (~> 6.0)"
    - nanopb (= 0.3.9011)
  - GoogleDataTransport (5.1.0)
  - GoogleDataTransportCCTSupport (2.0.1):
    - GoogleDataTransport (~> 5.1)
    - nanopb (~> 0.3.901)
  - GoogleSignIn (5.0.2):
    - AppAuth (~> 1.2)
    - GTMAppAuth (~> 1.0)
    - GTMSessionFetcher/Core (~> 1.1)
  - GoogleUtilities/AppDelegateSwizzler (6.5.2):
    - GoogleUtilities/Environment
    - GoogleUtilities/Logger
    - GoogleUtilities/Network
  - GoogleUtilities/Environment (6.5.2)
  - GoogleUtilities/Logger (6.5.2):
    - GoogleUtilities/Environment
  - GoogleUtilities/MethodSwizzler (6.5.2):
    - GoogleUtilities/Logger
  - GoogleUtilities/Network (6.5.2):
    - GoogleUtilities/Logger
    - "GoogleUtilities/NSData+zlib"
    - GoogleUtilities/Reachability
  - "GoogleUtilities/NSData+zlib (6.5.2)"
  - GoogleUtilities/Reachability (6.5.2):
    - GoogleUtilities/Logger
  - GoogleUtilities/UserDefaults (6.5.2):
    - GoogleUtilities/Logger
  - GSImageViewerController (1.6.2)
  - GTMAppAuth (1.0.0):
    - AppAuth/Core (~> 1.0)
    - GTMSessionFetcher (~> 1.1)
  - GTMSessionFetcher (1.3.1):
    - GTMSessionFetcher/Full (= 1.3.1)
  - GTMSessionFetcher/Core (1.3.1)
  - GTMSessionFetcher/Full (1.3.1):
    - GTMSessionFetcher/Core (= 1.3.1)
  - IQDropDownTextField (2.0)
  - IQKeyboardManagerSwift (6.5.5)
  - MBProgressHUD (1.2.0)
  - MXSegmentedControl (1.1.0)
  - MZAppearance (1.1.6)
  - MZFormSheetPresentationController (2.4.3):
    - MZAppearance
  - nanopb (0.3.9011):
    - nanopb/decode (= 0.3.9011)
    - nanopb/encode (= 0.3.9011)
  - nanopb/decode (0.3.9011)
  - nanopb/encode (0.3.9011)
  - NVActivityIndicatorView (4.8.0):
    - NVActivityIndicatorView/Presenter (= 4.8.0)
  - NVActivityIndicatorView/Presenter (4.8.0)
  - PhoneNumberKit (3.2.0):
    - PhoneNumberKit/PhoneNumberKitCore (= 3.2.0)
    - PhoneNumberKit/UIKit (= 3.2.0)
  - PhoneNumberKit/PhoneNumberKitCore (3.2.0)
  - PhoneNumberKit/UIKit (3.2.0):
    - PhoneNumberKit/PhoneNumberKitCore
  - PromisesObjC (1.2.8)
  - Protobuf (3.11.4)
  - Reachability (3.2)
  - RxCocoa (4.5.0):
    - RxSwift (>= 4.4.2, ~> 4.4)
  - RxSwift (4.5.0)
  - RYFloatingInput (0.1.6):
    - RxCocoa (~> 4.0)
    - RxSwift (~> 4.0)
  - SDWebImage (5.7.3):
    - SDWebImage/Core (= 5.7.3)
  - SDWebImage/Core (5.7.3)
  - SideMenu (6.4.8)
  - SwiftyJSON (4.3.0)
  - Toast-Swift (4.0.1)

DEPENDENCIES:
  - AFNetworking
  - Alamofire
  - AlamofireSwiftyJSON
  - Braintree
  - Cosmos (~> 22.1)
  - DropDown
  - FBSDKCoreKit
  - FBSDKLoginKit
  - Firebase/Analytics
  - Firebase/Messaging
  - GoogleSignIn
  - GSImageViewerController
  - IQDropDownTextField
  - IQKeyboardManagerSwift
  - MBProgressHUD
  - MXSegmentedControl
  - MZFormSheetPresentationController
  - NVActivityIndicatorView
  - PhoneNumberKit
  - Reachability
  - RYFloatingInput
  - SDWebImage
  - SideMenu
  - SwiftyJSON
  - Toast-Swift (~> 4.0.0)

SPEC REPOS:
  trunk:
    - AFNetworking
    - Alamofire
    - AlamofireSwiftyJSON
    - AppAuth
    - Braintree
    - Cosmos
    - DropDown
    - FBSDKCoreKit
    - FBSDKLoginKit
    - Firebase
    - FirebaseAnalytics
    - FirebaseAnalyticsInterop
    - FirebaseCore
    - FirebaseCoreDiagnostics
    - FirebaseCoreDiagnosticsInterop
    - FirebaseInstallations
    - FirebaseInstanceID
    - FirebaseMessaging
    - GoogleAppMeasurement
    - GoogleDataTransport
    - GoogleDataTransportCCTSupport
    - GoogleSignIn
    - GoogleUtilities
    - GSImageViewerController
    - GTMAppAuth
    - GTMSessionFetcher
    - IQDropDownTextField
    - IQKeyboardManagerSwift
    - MBProgressHUD
    - MXSegmentedControl
    - MZAppearance
    - MZFormSheetPresentationController
    - nanopb
    - NVActivityIndicatorView
    - PhoneNumberKit
    - PromisesObjC
    - Protobuf
    - Reachability
    - RxCocoa
    - RxSwift
    - RYFloatingInput
    - SDWebImage
    - SideMenu
    - SwiftyJSON
    - Toast-Swift

SPEC CHECKSUMS:
  AFNetworking: 7864c38297c79aaca1500c33288e429c3451fdce
  Alamofire: 85e8a02c69d6020a0d734f6054870d7ecb75cf18
  AlamofireSwiftyJSON: 74ee3804bed06d07857daf1eeb1615c85dba3997
  AppAuth: 73574f3013a1e65b9601a3ddc8b3158cce68c09d
  Braintree: 586e4d274398fabe9d70ab790eefca41660b8a17
  Cosmos: 2795b36ad4bbea1af3050d6d65576ed63875f86a
  DropDown: 8a2116376c1981888557f72ec2ffc9a5e0e456ec
  FBSDKCoreKit: ada5c8a05188daefc9addb985c52b8a1b26da519
  FBSDKLoginKit: caa165495afa29a12324cb2307fe6e5b33783142
  Firebase: f378c80340dd41c0ad0914af740c021eb282a04b
  FirebaseAnalytics: a1a0b3327ceb5cd5b4bacffdb293f6c909aa087d
  FirebaseAnalyticsInterop: 3f86269c38ae41f47afeb43ebf32a001f58fcdae
  FirebaseCore: 9f495d3afacb7b558711e6218ebb14b1c51b5802
  FirebaseCoreDiagnostics: e9b4cd8ba60dee0f2d13347332e4b7898cca5b61
  FirebaseCoreDiagnosticsInterop: 296e2c5f5314500a850ad0b83e9e7c10b011a850
  FirebaseInstallations: acb3216eb9784d3b1d2d2d635ff74fa892cc0c44
  FirebaseInstanceID: 7ee0d6777013bb952f377b41965bf132b6a075be
  FirebaseMessaging: 828e66eb357a893e3cebd9ee0f6bc1941447cc94
  GoogleAppMeasurement: 6e68a94d0eaeb1d73ef6b0ed4f7334e29d63ae29
  GoogleDataTransport: b29a21d813e906014ca16c00897827e40e4a24ab
  GoogleDataTransportCCTSupport: 6f15a89b0ca35d6fa523e1f752ef818588885988
  GoogleSignIn: 7137d297ddc022a7e0aa4619c86d72c909fa7213
  GoogleUtilities: ad0f3b691c67909d03a3327cc205222ab8f42e0e
  GSImageViewerController: 3b8fb7d2ab7596152329d7910eeb1905b2284cb9
  GTMAppAuth: 4deac854479704f348309e7b66189e604cf5e01e
  GTMSessionFetcher: cea130bbfe5a7edc8d06d3f0d17288c32ffe9925
  IQDropDownTextField: 79293d19042b6f2ee6f02decf4a0e68e59e4f327
  IQKeyboardManagerSwift: 0fb93310284665245591f50f7a5e38de615960b7
  MBProgressHUD: 3ee5efcc380f6a79a7cc9b363dd669c5e1ae7406
  MXSegmentedControl: f39e46199a52cbc03b1c845e150215119f2542f5
  MZAppearance: 0c06d3fa9cc55142f1da14bc8631fbe8fd6e19d5
  MZFormSheetPresentationController: fbfdbad31884f16fac17fbe3c44c168306cc1095
  nanopb: 18003b5e52dab79db540fe93fe9579f399bd1ccd
  NVActivityIndicatorView: d24b7ebcf80af5dcd994adb650e2b6c93379270f
  PhoneNumberKit: df411d46177d1492da84e10b6c093846dd861452
  PromisesObjC: c119f3cd559f50b7ae681fa59dc1acd19173b7e6
  Protobuf: 176220c526ad8bd09ab1fb40a978eac3fef665f7
  Reachability: 33e18b67625424e47b6cde6d202dce689ad7af96
  RxCocoa: cbf70265dc65a981d4ac982e513c10cf23df24a0
  RxSwift: f172070dfd1a93d70a9ab97a5a01166206e1c575
  RYFloatingInput: 4034e3c12a8235a7d7e0a97d69ae05e906397b22
  SDWebImage: 97351f6582ceca541ea294ba66a1fcb342a331c2
  SideMenu: 4a891be552d30bb6fa87ad404d62e485f8450c34
  SwiftyJSON: 6faa0040f8b59dead0ee07436cbf76b73c08fd08
  Toast-Swift: e42a638589a2f95036b4bb7626cfbdde7daf0393

PODFILE CHECKSUM: e6768f93d9041504ace1d936c7850f91fd94d0f1

COCOAPODS: 1.8.4
